
Microsoft Visual Studio Solution File, Format Version 12.00
# Visual Studio Version 16
VisualStudioVersion = 16.0.29009.5
MinimumVisualStudioVersion = 10.0.40219.1
Project("{FAE04EC0-301F-11D3-BF4B-00C04F79EFBC}") = "GigHub01", "GigHub01\GigHub01.csproj", "{22CF40A5-C9F4-4FB1-89B0-F3F4FB66C005}"
EndProject
Global
	GlobalSection(SolutionConfigurationPlatforms) = preSolution
		Debug|Any CPU = Debug|Any CPU
		Release|Any CPU = Release|Any CPU
	EndGlobalSection
	GlobalSection(ProjectConfigurationPlatforms) = postSolution
		{22CF40A5-C9F4-4FB1-89B0-F3F4FB66C005}.Debug|Any CPU.ActiveCfg = Debug|Any CPU
		{22CF40A5-C9F4-4FB1-89B0-F3F4FB66C005}.Debug|Any CPU.Build.0 = Debug|Any CPU
		{22CF40A5-C9F4-4FB1-89B0-F3F4FB66C005}.Release|Any CPU.ActiveCfg = Release|Any CPU
		{22CF40A5-C9F4-4FB1-89B0-F3F4FB66C005}.Release|Any CPU.Build.0 = Release|Any CPU
	EndGlobalSection
	GlobalSection(SolutionProperties) = preSolution
		HideSolutionNode = FALSE
	EndGlobalSection
	GlobalSection(ExtensibilityGlobals) = postSolution
		SolutionGuid = {5167065E-DF97-4FEF-990F-64EC66BDEA9E}
	EndGlobalSection
EndGlobal
